
Microsoft Visual Studio Solution File, Format Version 12.00
# Visual Studio Version 16
VisualStudioVersion = 16.0.30517.126
MinimumVisualStudioVersion = 10.0.40219.1
Project("{FAE04EC0-301F-11D3-BF4B-00C04F79EFBC}") = "lab1", "lab1\lab1.csproj", "{D471B29B-D8FC-421E-A92F-C3217D26BD72}"
EndProject
Global
	GlobalSection(SolutionConfigurationPlatforms) = preSolution
		Debug|Any CPU = Debug|Any CPU
		Release|Any CPU = Release|Any CPU
	EndGlobalSection
	GlobalSection(ProjectConfigurationPlatforms) = postSolution
		{D471B29B-D8FC-421E-A92F-C3217D26BD72}.Debug|Any CPU.ActiveCfg = Debug|Any CPU
		{D471B29B-D8FC-421E-A92F-C3217D26BD72}.Debug|Any CPU.Build.0 = Debug|Any CPU
		{D471B29B-D8FC-421E-A92F-C3217D26BD72}.Release|Any CPU.ActiveCfg = Release|Any CPU
		{D471B29B-D8FC-421E-A92F-C3217D26BD72}.Release|Any CPU.Build.0 = Release|Any CPU
	EndGlobalSection
	GlobalSection(SolutionProperties) = preSolution
		HideSolutionNode = FALSE
	EndGlobalSection
	GlobalSection(ExtensibilityGlobals) = postSolution
		SolutionGuid = {0A1A6F31-8F2C-447E-8E41-1AFCD972EAD4}
	EndGlobalSection
EndGlobal
